// !$*UTF8*$!
{
	archiveVersion = 1;
	classes = {
	};
	objectVersion = 46;
	objects = {

/* Begin PBXBuildFile section */
		4CFFE8FA1FB190C500946940 /* AppDelegate.swift in Sources */ = {isa = PBXBuildFile; fileRef = 4CFFE8F91FB190C500946940 /* AppDelegate.swift */; };
		4CFFE8FC1FB190C500946940 /* ViewController.swift in Sources */ = {isa = PBXBuildFile; fileRef = 4CFFE8FB1FB190C500946940 /* ViewController.swift */; };
		4CFFE8FF1FB190C500946940 /* Main.storyboard in Resources */ = {isa = PBXBuildFile; fileRef = 4CFFE8FD1FB190C500946940 /* Main.storyboard */; };
		4CFFE9011FB190C500946940 /* Assets.xcassets in Resources */ = {isa = PBXBuildFile; fileRef = 4CFFE9001FB190C500946940 /* Assets.xcassets */; };
		4CFFE9041FB190C500946940 /* LaunchScreen.storyboard in Resources */ = {isa = PBXBuildFile; fileRef = 4CFFE9021FB190C500946940 /* LaunchScreen.storyboard */; };
/* End PBXBuildFile section */

/* Begin PBXFileReference section */
		4CFFE8F61FB190C500946940 /* Map_Kit.app */ = {isa = PBXFileReference; explicitFileType = wrapper.application; includeInIndex = 0; path = Map_Kit.app; sourceTree = BUILT_PRODUCTS_DIR; };
		4CFFE8F91FB190C500946940 /* AppDelegate.swift */ = {isa = PBXFileReference; lastKnownFileType = sourcecode.swift; path = AppDelegate.swift; sourceTree = "<group>"; };
		4CFFE8FB1FB190C500946940 /* ViewController.swift */ = {isa = PBXFileReference; lastKnownFileType = sourcecode.swift; path = ViewController.swift; sourceTree = "<group>"; };
		4CFFE8FE1FB190C500946940 /* Base */ = {isa = PBXFileReference; lastKnownFileType = file.storyboard; name = Base; path = Base.lproj/Main.storyboard; sourceTree = "<group>"; };
		4CFFE9001FB190C500946940 /* Assets.xcassets */ = {isa = PBXFileReference; lastKnownFileType = folder.assetcatalog; path = Assets.xcassets; sourceTree = "<group>"; };
		4CFFE9031FB190C500946940 /* Base */ = {isa = PBXFileReference; lastKnownFileType = file.storyboard; name = Base; path = Base.lproj/LaunchScreen.storyboard; sourceTree = "<group>"; };
		4CFFE9051FB190C500946940 /* Info.plist */ = {isa = PBXFileReference; lastKnownFileType = text.plist.xml; path = Info.plist; sourceTree = "<group>"; };
/* End PBXFileReference section */

/* Begin PBXFrameworksBuildPhase section */
		4CFFE8F31FB190C500946940 /* Frameworks */ = {
			isa = PBXFrameworksBuildPhase;
			buildActionMask = 2147483647;
			files = (
			);
			runOnlyForDeploymentPostprocessing = 0;
		};
/* End PBXFrameworksBuildPhase section */

/* Begin PBXGroup section */
		4CFFE8ED1FB190C500946940 = {
			isa = PBXGroup;
			children = (
				4CFFE8F81FB190C500946940 /* Map_Kit */,
				4CFFE8F71FB190C500946940 /* Products */,
			);
			sourceTree = "<group>";
		};
		4CFFE8F71FB190C500946940 /* Products */ = {
			isa = PBXGroup;
			children = (
				4CFFE8F61FB190C500946940 /* Map_Kit.app */,
			);
			name = Products;
			sourceTree = "<group>";
		};
		4CFFE8F81FB190C500946940 /* Map_Kit */ = {
			isa = PBXGroup;
			children = (
				4CFFE8F91FB190C500946940 /* AppDelegate.swift */,
				4CFFE8FD1FB190C500946940 /* Main.storyboard */,
				4CFFE8FB1FB190C500946940 /* ViewController.swift */,
				4CFFE9001FB190C500946940 /* Assets.xcassets */,
				4CFFE9021FB190C500946940 /* LaunchScreen.storyboard */,
				4CFFE9051FB190C500946940 /* Info.plist */,
			);
			path = Map_Kit;
			sourceTree = "<group>";
		};
/* End PBXGroup section */

/* Begin PBXNativeTarget section */
		4CFFE8F51FB190C500946940 /* Map_Kit */ = {
			isa = PBXNativeTarget;
			buildConfigurationList = 4CFFE9081FB190C500946940 /* Build configuration list for PBXNativeTarget "Map_Kit" */;
			buildPhases = (
				4CFFE8F21FB190C500946940 /* Sources */,
				4CFFE8F31FB190C500946940 /* Frameworks */,
				4CFFE8F41FB190C500946940 /* Resources */,
			);
			buildRules = (
			);
			dependencies = (
			);
			name = Map_Kit;
			productName = Map_Kit;
			productReference = 4CFFE8F61FB190C500946940 /* Map_Kit.app */;
			productType = "com.apple.product-type.application";
		};
/* End PBXNativeTarget section */

/* Begin PBXProject section */
		4CFFE8EE1FB190C500946940 /* Project object */ = {
			isa = PBXProject;
			attributes = {
				LastSwiftUpdateCheck = 0830;
				LastUpgradeCheck = 0830;
				ORGANIZATIONNAME = iflame;
				TargetAttributes = {
					4CFFE8F51FB190C500946940 = {
						CreatedOnToolsVersion = 8.3;
						ProvisioningStyle = Automatic;
					};
				};
			};
			buildConfigurationList = 4CFFE8F11FB190C500946940 /* Build configuration list for PBXProject "Map_Kit" */;
			compatibilityVersion = "Xcode 3.2";
			developmentRegion = English;
			hasScannedForEncodings = 0;
			knownRegions = (
				en,
				Base,
			);
			mainGroup = 4CFFE8ED1FB190C500946940;
			productRefGroup = 4CFFE8F71FB190C500946940 /* Products */;
			projectDirPath = "";
			projectRoot = "";
			targets = (
				4CFFE8F51FB190C500946940 /* Map_Kit */,
			);
		};
/* End PBXProject section */

/* Begin PBXResourcesBuildPhase section */
		4CFFE8F41FB190C500946940 /* Resources */ = {
			isa = PBXResourcesBuildPhase;
			buildActionMask = 2147483647;
			files = (
				4CFFE9041FB190C500946940 /* LaunchScreen.storyboard in Resources */,
				4CFFE9011FB190C500946940 /* Assets.xcassets in Resources */,
				4CFFE8FF1FB190C500946940 /* Main.storyboard in Resources */,
			);
			runOnlyForDeploymentPostprocessing = 0;
		};
/* End PBXResourcesBuildPhase section */

/* Begin PBXSourcesBuildPhase section */
		4CFFE8F21FB190C500946940 /* Sources */ = {
			isa = PBXSourcesBuildPhase;
			buildActionMask = 2147483647;
			files = (
				4CFFE8FC1FB190C500946940 /* ViewController.swift in Sources */,
				4CFFE8FA1FB190C500946940 /* AppDelegate.swift in Sources */,
			);
			runOnlyForDeploymentPostprocessing = 0;
		};
/* End PBXSourcesBuildPhase section */

/* Begin PBXVariantGroup section */
		4CFFE8FD1FB190C500946940 /* Main.storyboard */ = {
			isa = PBXVariantGroup;
			children = (
				4CFFE8FE1FB190C500946940 /* Base */,
			);
			name = Main.storyboard;
			sourceTree = "<group>";
		};
		4CFFE9021FB190C500946940 /* LaunchScreen.storyboard */ = {
			isa = PBXVariantGroup;
			children = (
				4CFFE9031FB190C500946940 /* Base */,
			);
			name = LaunchScreen.storyboard;
			sourceTree = "<group>";
		};
/* End PBXVariantGroup section */

/* Begin XCBuildConfiguration section */
		4CFFE9061FB190C500946940 /* Debug */ = {
			isa = XCBuildConfiguration;
			buildSettings = {
				ALWAYS_SEARCH_USER_PATHS = NO;
				CLANG_ANALYZER_NONNULL = YES;
				CLANG_ANALYZER_NUMBER_OBJECT_CONVERSION = YES_AGGRESSIVE;
				CLANG_CXX_LANGUAGE_STANDARD = "gnu++0x";
				CLANG_CXX_LIBRARY = "libc++";
				CLANG_ENABLE_MODULES = YES;
				CLANG_ENABLE_OBJC_ARC = YES;
				CLANG_WARN_BOOL_CONVERSION = YES;
				CLANG_WARN_CONSTANT_CONVERSION = YES;
				CLANG_WARN_DIRECT_OBJC_ISA_USAGE = YES_ERROR;
				CLANG_WARN_DOCUMENTATION_COMMENTS = YES;
				CLANG_WARN_EMPTY_BODY = YES;
				CLANG_WARN_ENUM_CONVERSION = YES;
				CLANG_WARN_INFINITE_RECURSION = YES;
				CLANG_WARN_INT_CONVERSION = YES;
				CLANG_WARN_OBJC_ROOT_CLASS = YES_ERROR;
				CLANG_WARN_SUSPICIOUS_MOVE = YES;
				CLANG_WARN_UNREACHABLE_CODE = YES;
				CLANG_WARN__DUPLICATE_METHOD_MATCH = YES;
				"CODE_SIGN_IDENTITY[sdk=iphoneos*]" = "iPhone Developer";
				COPY_PHASE_STRIP = NO;
				DEBUG_INFORMATION_FORMAT = dwarf;
				ENABLE_STRICT_OBJC_MSGSEND = YES;
				ENABLE_TESTABILITY = YES;
				GCC_C_LANGUAGE_STANDARD = gnu99;
				GCC_DYNAMIC_NO_PIC = NO;
				GCC_NO_COMMON_BLOCKS = YES;
				GCC_OPTIMIZATION_LEVEL = 0;
				GCC_PREPROCESSOR_DEFINITIONS = (
					"DEBUG=1",
					"$(inherited)",
				);
				GCC_WARN_64_TO_32_BIT_CONVERSION = YES;
				GCC_WARN_ABOUT_RETURN_TYPE = YES_ERROR;
				GCC_WARN_UNDECLARED_SELECTOR = YES;
				GCC_WARN_UNINITIALIZED_AUTOS = YES_AGGRESSIVE;
				GCC_WARN_UNUSED_FUNCTION = YES;
				GCC_WARN_UNUSED_VARIABLE = YES;
				IPHONEOS_DEPLOYMENT_TARGET = 10.3;
				MTL_ENABLE_DEBUG_INFO = YES;
				ONLY_ACTIVE_ARCH = YES;
				SDKROOT = iphoneos;
				SWIFT_ACTIVE_COMPILATION_CONDITIONS = DEBUG;
				SWIFT_OPTIMIZATION_LEVEL = "-Onone";
			};
			name = Debug;
		};
		4CFFE9071FB190C500946940 /* Release */ = {
			isa = XCBuildConfiguration;
			buildSettings = {
				ALWAYS_SEARCH_USER_PATHS = NO;
				CLANG_ANALYZER_NONNULL = YES;
				CLANG_ANALYZER_NUMBER_OBJECT_CONVERSION = YES_AGGRESSIVE;
				CLANG_CXX_LANGUAGE_STANDARD = "gnu++0x";
				CLANG_CXX_LIBRARY = "libc++";
				CLANG_ENABLE_MODULES = YES;
				CLANG_ENABLE_OBJC_ARC = YES;
				CLANG_WARN_BOOL_CONVERSION = YES;
				CLANG_WARN_CONSTANT_CONVERSION = YES;
				CLANG_WARN_DIRECT_OBJC_ISA_USAGE = YES_ERROR;
				CLANG_WARN_DOCUMENTATION_COMMENTS = YES;
				CLANG_WARN_EMPTY_BODY = YES;
				CLANG_WARN_ENUM_CONVERSION = YES;
				CLANG_WARN_INFINITE_RECURSION = YES;
				CLANG_WARN_INT_CONVERSION = YES;
				CLANG_WARN_OBJC_ROOT_CLASS = YES_ERROR;
				CLANG_WARN_SUSPICIOUS_MOVE = YES;
				CLANG_WARN_UNREACHABLE_CODE = YES;
				CLANG_WARN__DUPLICATE_METHOD_MATCH = YES;
				"CODE_SIGN_IDENTITY[sdk=iphoneos*]" = "iPhone Developer";
				COPY_PHASE_STRIP = NO;
				DEBUG_INFORMATION_FORMAT = "dwarf-with-dsym";
				ENABLE_NS_ASSERTIONS = NO;
				ENABLE_STRICT_OBJC_MSGSEND = YES;
				GCC_C_LANGUAGE_STANDARD = gnu99;
				GCC_NO_COMMON_BLOCKS = YES;
				GCC_WARN_64_TO_32_BIT_CONVERSION = YES;
				GCC_WARN_ABOUT_RETURN_TYPE = YES_ERROR;
				GCC_WARN_UNDECLARED_SELECTOR = YES;
				GCC_WARN_UNINITIALIZED_AUTOS = YES_AGGRESSIVE;
				GCC_WARN_UNUSED_FUNCTION = YES;
				GCC_WARN_UNUSED_VARIABLE = YES;
				IPHONEOS_DEPLOYMENT_TARGET = 10.3;
				MTL_ENABLE_DEBUG_INFO = NO;
				SDKROOT = iphoneos;
				SWIFT_OPTIMIZATION_LEVEL = "-Owholemodule";
				VALIDATE_PRODUCT = YES;
			};
			name = Release;
		};
		4CFFE9091FB190C500946940 /* Debug */ = {
			isa = XCBuildConfiguration;
			buildSettings = {
				ASSETCATALOG_COMPILER_APPICON_NAME = AppIcon;
				INFOPLIST_FILE = Map_Kit/Info.plist;
				LD_RUNPATH_SEARCH_PATHS = "$(inherited) @executable_path/Frameworks";
				PRODUCT_BUNDLE_IDENTIFIER = "iflame.Map-Kit";
				PRODUCT_NAME = "$(TARGET_NAME)";
				SWIFT_VERSION = 3.0;
			};
			name = Debug;
		};
		4CFFE90A1FB190C500946940 /* Release */ = {
			isa = XCBuildConfiguration;
			buildSettings = {
				ASSETCATALOG_COMPILER_APPICON_NAME = AppIcon;
				INFOPLIST_FILE = Map_Kit/Info.plist;
				LD_RUNPATH_SEARCH_PATHS = "$(inherited) @executable_path/Frameworks";
				PRODUCT_BUNDLE_IDENTIFIER = "iflame.Map-Kit";
				PRODUCT_NAME = "$(TARGET_NAME)";
				SWIFT_VERSION = 3.0;
			};
			name = Release;
		};
/* End XCBuildConfiguration section */

/* Begin XCConfigurationList section */
		4CFFE8F11FB190C500946940 /* Build configuration list for PBXProject "Map_Kit" */ = {
			isa = XCConfigurationList;
			buildConfigurations = (
				4CFFE9061FB190C500946940 /* Debug */,
				4CFFE9071FB190C500946940 /* Release */,
			);
			defaultConfigurationIsVisible = 0;
			defaultConfigurationName = Release;
		};
		4CFFE9081FB190C500946940 /* Build configuration list for PBXNativeTarget "Map_Kit" */ = {
			isa = XCConfigurationList;
			buildConfigurations = (
				4CFFE9091FB190C500946940 /* Debug */,
				4CFFE90A1FB190C500946940 /* Release */,
			);
			defaultConfigurationIsVisible = 0;
		};
/* End XCConfigurationList section */
	};
	rootObject = 4CFFE8EE1FB190C500946940 /* Project object */;
}
